github.com/ant0ine/go-json-rest v1.0.1 h1:gdCuGNDkN6MKGnb4+i7NA9sLT1K2oa7WYHzg1SRF6AM=
github.com/ant0ine/go-json-rest v3.3.2+incompatible h1:nBixrkLFiDNAW0hauKDLc8yJI6XfrQumWvytE1Hk14E=
github.com/ant0ine/go-json-rest v3.3.2+incompatible/go.mod h1:q6aCt0GfU6LhpBsnZ/2U+mwe+0XB5WStbmwyoPfc+sk=
github.com/boltdb/bolt v1.3.1 h1:JQmyP4ZBrce+ZQu0dY660FMfatumYDLun9hBCUVIkF4=
github.com/boltdb/bolt v1.3.1/go.mod h1:clJnj/oiGkjum5o1McbSZDSLxVThjynRyGBgiAx27Ps=
github.com/gorilla/mux v1.7.4 h1:VuZ8uybHlWmqV03+zRzdwKL4tUnIp1MAQtp1mIFE1bc=
github.com/gorilla/mux v1.7.4/go.mod h1:DVbg23sWSpFRCP0SfiEN6jmj59UnW/n46BH5rLB71So=
github.com/marconi/boltapi v0.0.0-20151228163651-08e351de4efd h1:JKgGdMgWZ2CJPt0pNIrie4iF4jfyvlXeYIYjIOJoIDA=
github.com/marconi/boltapi v0.0.0-20151228163651-08e351de4efd/go.mod h1:ZynwS+qZvBheFVXl7BOA+Vzzgaki4u7vVyP2IRKcbEg=
go.etcd.io/bbolt v1.3.5 h1:XAzx9gjCb0Rxj7EoqcClPD1d5ZBxZJk0jbuoPHenBt0=
go.etcd.io/bbolt v1.3.5/go.mod h1:G5EMThwa9y8QZGBClrRx5EY+Yw9kAhnjy3bSjsnlVTQ=
golang.org/x/sys v0.0.0-20200202164722-d101bd2416d5/go.mod h1:h1NjWce9XRLGQEsW7wpKNCjG9DtNlClVuFLEZdDNbEs=
golang.org/x/sys v0.0.0-20200720211630-cb9d2d5c5666 h1:gVCS+QOncANNPlmlO1AhlU3oxs4V9z+gTtPwIk3p2N8=
golang.org/x/sys v0.0.0-20200720211630-cb9d2d5c5666/go.mod h1:h1NjWce9XRLGQEsW7wpKNCjG9DtNlClVuFLEZdDNbEs=
